// !$*UTF8*$!
{
	archiveVersion = 1;
	classes = {
	};
	objectVersion = 46;
	objects = {

/* Begin PBXBuildFile section */
		1E0BB6368F3AAAED8859AF7E /* Pods_iGerritUITests.framework in Frameworks */ = {isa = PBXBuildFile; fileRef = CA6B736110C9E10B0FB6F0D8 /* Pods_iGerritUITests.framework */; };
		8F1BA3BD1DA3013B00040DE7 /* AppDelegate.swift in Sources */ = {isa = PBXBuildFile; fileRef = 8F1BA3BC1DA3013B00040DE7 /* AppDelegate.swift */; };
		8F1BA3C21DA3013B00040DE7 /* Main.storyboard in Resources */ = {isa = PBXBuildFile; fileRef = 8F1BA3C01DA3013B00040DE7 /* Main.storyboard */; };
		8F1BA3C41DA3013B00040DE7 /* Assets.xcassets in Resources */ = {isa = PBXBuildFile; fileRef = 8F1BA3C31DA3013B00040DE7 /* Assets.xcassets */; };
		8F1BA3C71DA3013B00040DE7 /* LaunchScreen.storyboard in Resources */ = {isa = PBXBuildFile; fileRef = 8F1BA3C51DA3013B00040DE7 /* LaunchScreen.storyboard */; };
		8F1BA3D21DA3013B00040DE7 /* iGerritTests.swift in Sources */ = {isa = PBXBuildFile; fileRef = 8F1BA3D11DA3013B00040DE7 /* iGerritTests.swift */; };
		8F1BA3DD1DA3013B00040DE7 /* iGerritUITests.swift in Sources */ = {isa = PBXBuildFile; fileRef = 8F1BA3DC1DA3013B00040DE7 /* iGerritUITests.swift */; };
		8F32DB561DB2DC650064BA72 /* tbvc.swift in Sources */ = {isa = PBXBuildFile; fileRef = 8F32DB551DB2DC650064BA72 /* tbvc.swift */; };
		8F32DB581DB364C60064BA72 /* cvc.swift in Sources */ = {isa = PBXBuildFile; fileRef = 8F32DB571DB364C60064BA72 /* cvc.swift */; };
		8F537FA01DC3ED6E001A719A /* routing.swift in Sources */ = {isa = PBXBuildFile; fileRef = 8F537F9F1DC3ED6E001A719A /* routing.swift */; };
		9F0B7917EE29B3C339405274 /* Pods_iGerrit.framework in Frameworks */ = {isa = PBXBuildFile; fileRef = 6E6EF8A6C8BDC5461B298E2F /* Pods_iGerrit.framework */; };
		E6553AC088B3EADD75FCF4A9 /* Pods_iGerritTests.framework in Frameworks */ = {isa = PBXBuildFile; fileRef = 785220C358F906F99FD9D81E /* Pods_iGerritTests.framework */; };
/* End PBXBuildFile section */

/* Begin PBXContainerItemProxy section */
		8F1BA3CE1DA3013B00040DE7 /* PBXContainerItemProxy */ = {
			isa = PBXContainerItemProxy;
			containerPortal = 8F1BA3B11DA3013B00040DE7 /* Project object */;
			proxyType = 1;
			remoteGlobalIDString = 8F1BA3B81DA3013B00040DE7;
			remoteInfo = iGerrit;
		};
		8F1BA3D91DA3013B00040DE7 /* PBXContainerItemProxy */ = {
			isa = PBXContainerItemProxy;
			containerPortal = 8F1BA3B11DA3013B00040DE7 /* Project object */;
			proxyType = 1;
			remoteGlobalIDString = 8F1BA3B81DA3013B00040DE7;
			remoteInfo = iGerrit;
		};
/* End PBXContainerItemProxy section */

/* Begin PBXFileReference section */
		02B3B6160ED023ED934A22CF /* Pods-iGerritTests.release.xcconfig */ = {isa = PBXFileReference; includeInIndex = 1; lastKnownFileType = text.xcconfig; name = "Pods-iGerritTests.release.xcconfig"; path = "Pods/Target Support Files/Pods-iGerritTests/Pods-iGerritTests.release.xcconfig"; sourceTree = "<group>"; };
		6E6EF8A6C8BDC5461B298E2F /* Pods_iGerrit.framework */ = {isa = PBXFileReference; explicitFileType = wrapper.framework; includeInIndex = 0; path = Pods_iGerrit.framework; sourceTree = BUILT_PRODUCTS_DIR; };
		785220C358F906F99FD9D81E /* Pods_iGerritTests.framework */ = {isa = PBXFileReference; explicitFileType = wrapper.framework; includeInIndex = 0; path = Pods_iGerritTests.framework; sourceTree = BUILT_PRODUCTS_DIR; };
		78E7B4D11EA01EE6DFF88022 /* Pods-iGerritTests.debug.xcconfig */ = {isa = PBXFileReference; includeInIndex = 1; lastKnownFileType = text.xcconfig; name = "Pods-iGerritTests.debug.xcconfig"; path = "Pods/Target Support Files/Pods-iGerritTests/Pods-iGerritTests.debug.xcconfig"; sourceTree = "<group>"; };
		7A49AB9DB81FB4F292D6D3F7 /* Pods-iGerritUITests.release.xcconfig */ = {isa = PBXFileReference; includeInIndex = 1; lastKnownFileType = text.xcconfig; name = "Pods-iGerritUITests.release.xcconfig"; path = "Pods/Target Support Files/Pods-iGerritUITests/Pods-iGerritUITests.release.xcconfig"; sourceTree = "<group>"; };
		88214F38E57C9627178EE23E /* Pods-iGerrit.debug.xcconfig */ = {isa = PBXFileReference; includeInIndex = 1; lastKnownFileType = text.xcconfig; name = "Pods-iGerrit.debug.xcconfig"; path = "Pods/Target Support Files/Pods-iGerrit/Pods-iGerrit.debug.xcconfig"; sourceTree = "<group>"; };
		8F1BA3B91DA3013B00040DE7 /* iGerrit.app */ = {isa = PBXFileReference; explicitFileType = wrapper.application; includeInIndex = 0; path = iGerrit.app; sourceTree = BUILT_PRODUCTS_DIR; };
		8F1BA3BC1DA3013B00040DE7 /* AppDelegate.swift */ = {isa = PBXFileReference; lastKnownFileType = sourcecode.swift; path = AppDelegate.swift; sourceTree = "<group>"; };
		8F1BA3C11DA3013B00040DE7 /* Base */ = {isa = PBXFileReference; lastKnownFileType = file.storyboard; name = Base; path = Base.lproj/Main.storyboard; sourceTree = "<group>"; };
		8F1BA3C31DA3013B00040DE7 /* Assets.xcassets */ = {isa = PBXFileReference; lastKnownFileType = folder.assetcatalog; path = Assets.xcassets; sourceTree = "<group>"; };
		8F1BA3C61DA3013B00040DE7 /* Base */ = {isa = PBXFileReference; lastKnownFileType = file.storyboard; name = Base; path = Base.lproj/LaunchScreen.storyboard; sourceTree = "<group>"; };
		8F1BA3C81DA3013B00040DE7 /* Info.plist */ = {isa = PBXFileReference; lastKnownFileType = text.plist.xml; path = Info.plist; sourceTree = "<group>"; };
		8F1BA3CD1DA3013B00040DE7 /* iGerritTests.xctest */ = {isa = PBXFileReference; explicitFileType = wrapper.cfbundle; includeInIndex = 0; path = iGerritTests.xctest; sourceTree = BUILT_PRODUCTS_DIR; };
		8F1BA3D11DA3013B00040DE7 /* iGerritTests.swift */ = {isa = PBXFileReference; lastKnownFileType = sourcecode.swift; path = iGerritTests.swift; sourceTree = "<group>"; };
		8F1BA3D31DA3013B00040DE7 /* Info.plist */ = {isa = PBXFileReference; lastKnownFileType = text.plist.xml; path = Info.plist; sourceTree = "<group>"; };
		8F1BA3D81DA3013B00040DE7 /* iGerritUITests.xctest */ = {isa = PBXFileReference; explicitFileType = wrapper.cfbundle; includeInIndex = 0; path = iGerritUITests.xctest; sourceTree = BUILT_PRODUCTS_DIR; };
		8F1BA3DC1DA3013B00040DE7 /* iGerritUITests.swift */ = {isa = PBXFileReference; lastKnownFileType = sourcecode.swift; path = iGerritUITests.swift; sourceTree = "<group>"; };
		8F1BA3DE1DA3013B00040DE7 /* Info.plist */ = {isa = PBXFileReference; lastKnownFileType = text.plist.xml; path = Info.plist; sourceTree = "<group>"; };
		8F32DB551DB2DC650064BA72 /* tbvc.swift */ = {isa = PBXFileReference; fileEncoding = 4; lastKnownFileType = sourcecode.swift; path = tbvc.swift; sourceTree = "<group>"; };
		8F32DB571DB364C60064BA72 /* cvc.swift */ = {isa = PBXFileReference; fileEncoding = 4; lastKnownFileType = sourcecode.swift; path = cvc.swift; sourceTree = "<group>"; };
		8F537F9F1DC3ED6E001A719A /* routing.swift */ = {isa = PBXFileReference; fileEncoding = 4; lastKnownFileType = sourcecode.swift; path = routing.swift; sourceTree = "<group>"; };
		9D26E76385E9F5BE6B643A8A /* Pods-iGerritUITests.debug.xcconfig */ = {isa = PBXFileReference; includeInIndex = 1; lastKnownFileType = text.xcconfig; name = "Pods-iGerritUITests.debug.xcconfig"; path = "Pods/Target Support Files/Pods-iGerritUITests/Pods-iGerritUITests.debug.xcconfig"; sourceTree = "<group>"; };
		CA39F59D977F18F596A6B998 /* Pods-iGerrit.release.xcconfig */ = {isa = PBXFileReference; includeInIndex = 1; lastKnownFileType = text.xcconfig; name = "Pods-iGerrit.release.xcconfig"; path = "Pods/Target Support Files/Pods-iGerrit/Pods-iGerrit.release.xcconfig"; sourceTree = "<group>"; };
		CA6B736110C9E10B0FB6F0D8 /* Pods_iGerritUITests.framework */ = {isa = PBXFileReference; explicitFileType = wrapper.framework; includeInIndex = 0; path = Pods_iGerritUITests.framework; sourceTree = BUILT_PRODUCTS_DIR; };
/* End PBXFileReference section */

/* Begin PBXFrameworksBuildPhase section */
		8F1BA3B61DA3013B00040DE7 /* Frameworks */ = {
			isa = PBXFrameworksBuildPhase;
			buildActionMask = 2147483647;
			files = (
				9F0B7917EE29B3C339405274 /* Pods_iGerrit.framework in Frameworks */,
			);
			runOnlyForDeploymentPostprocessing = 0;
		};
		8F1BA3CA1DA3013B00040DE7 /* Frameworks */ = {
			isa = PBXFrameworksBuildPhase;
			buildActionMask = 2147483647;
			files = (
				E6553AC088B3EADD75FCF4A9 /* Pods_iGerritTests.framework in Frameworks */,
			);
			runOnlyForDeploymentPostprocessing = 0;
		};
		8F1BA3D51DA3013B00040DE7 /* Frameworks */ = {
			isa = PBXFrameworksBuildPhase;
			buildActionMask = 2147483647;
			files = (
				1E0BB6368F3AAAED8859AF7E /* Pods_iGerritUITests.framework in Frameworks */,
			);
			runOnlyForDeploymentPostprocessing = 0;
		};
/* End PBXFrameworksBuildPhase section */

/* Begin PBXGroup section */
		8B1EE6D738C2F193AB517326 /* Frameworks */ = {
			isa = PBXGroup;
			children = (
				6E6EF8A6C8BDC5461B298E2F /* Pods_iGerrit.framework */,
				785220C358F906F99FD9D81E /* Pods_iGerritTests.framework */,
				CA6B736110C9E10B0FB6F0D8 /* Pods_iGerritUITests.framework */,
			);
			name = Frameworks;
			sourceTree = "<group>";
		};
		8F1BA3B01DA3013B00040DE7 = {
			isa = PBXGroup;
			children = (
				8F1BA3BB1DA3013B00040DE7 /* iGerrit */,
				8F1BA3D01DA3013B00040DE7 /* iGerritTests */,
				8F1BA3DB1DA3013B00040DE7 /* iGerritUITests */,
				8F1BA3BA1DA3013B00040DE7 /* Products */,
				BD679DFCA7986CAEF181DC81 /* Pods */,
				8B1EE6D738C2F193AB517326 /* Frameworks */,
			);
			sourceTree = "<group>";
		};
		8F1BA3BA1DA3013B00040DE7 /* Products */ = {
			isa = PBXGroup;
			children = (
				8F1BA3B91DA3013B00040DE7 /* iGerrit.app */,
				8F1BA3CD1DA3013B00040DE7 /* iGerritTests.xctest */,
				8F1BA3D81DA3013B00040DE7 /* iGerritUITests.xctest */,
			);
			name = Products;
			sourceTree = "<group>";
		};
		8F1BA3BB1DA3013B00040DE7 /* iGerrit */ = {
			isa = PBXGroup;
			children = (
				8F1BA3BC1DA3013B00040DE7 /* AppDelegate.swift */,
				8F1BA3C01DA3013B00040DE7 /* Main.storyboard */,
				8F1BA3C31DA3013B00040DE7 /* Assets.xcassets */,
				8F1BA3C51DA3013B00040DE7 /* LaunchScreen.storyboard */,
				8F1BA3C81DA3013B00040DE7 /* Info.plist */,
				8F32DB551DB2DC650064BA72 /* tbvc.swift */,
				8F32DB571DB364C60064BA72 /* cvc.swift */,
				8F537F9F1DC3ED6E001A719A /* routing.swift */,
			);
			path = iGerrit;
			sourceTree = "<group>";
		};
		8F1BA3D01DA3013B00040DE7 /* iGerritTests */ = {
			isa = PBXGroup;
			children = (
				8F1BA3D11DA3013B00040DE7 /* iGerritTests.swift */,
				8F1BA3D31DA3013B00040DE7 /* Info.plist */,
			);
			path = iGerritTests;
			sourceTree = "<group>";
		};
		8F1BA3DB1DA3013B00040DE7 /* iGerritUITests */ = {
			isa = PBXGroup;
			children = (
				8F1BA3DC1DA3013B00040DE7 /* iGerritUITests.swift */,
				8F1BA3DE1DA3013B00040DE7 /* Info.plist */,
			);
			path = iGerritUITests;
			sourceTree = "<group>";
		};
		BD679DFCA7986CAEF181DC81 /* Pods */ = {
			isa = PBXGroup;
			children = (
				88214F38E57C9627178EE23E /* Pods-iGerrit.debug.xcconfig */,
				CA39F59D977F18F596A6B998 /* Pods-iGerrit.release.xcconfig */,
				78E7B4D11EA01EE6DFF88022 /* Pods-iGerritTests.debug.xcconfig */,
				02B3B6160ED023ED934A22CF /* Pods-iGerritTests.release.xcconfig */,
				9D26E76385E9F5BE6B643A8A /* Pods-iGerritUITests.debug.xcconfig */,
				7A49AB9DB81FB4F292D6D3F7 /* Pods-iGerritUITests.release.xcconfig */,
			);
			name = Pods;
			sourceTree = "<group>";
		};
/* End PBXGroup section */

/* Begin PBXNativeTarget section */
		8F1BA3B81DA3013B00040DE7 /* iGerrit */ = {
			isa = PBXNativeTarget;
			buildConfigurationList = 8F1BA3E11DA3013B00040DE7 /* Build configuration list for PBXNativeTarget "iGerrit" */;
			buildPhases = (
				907783CAD7ECBA9738947FB9 /* [CP] Check Pods Manifest.lock */,
				8F1BA3B51DA3013B00040DE7 /* Sources */,
				8F1BA3B61DA3013B00040DE7 /* Frameworks */,
				8F1BA3B71DA3013B00040DE7 /* Resources */,
				1F70D28EFBBA61CEBEE16D42 /* [CP] Embed Pods Frameworks */,
				CBD565123D18BDC91C7D0E31 /* [CP] Copy Pods Resources */,
			);
			buildRules = (
			);
			dependencies = (
			);
			name = iGerrit;
			productName = iGerrit;
			productReference = 8F1BA3B91DA3013B00040DE7 /* iGerrit.app */;
			productType = "com.apple.product-type.application";
		};
		8F1BA3CC1DA3013B00040DE7 /* iGerritTests */ = {
			isa = PBXNativeTarget;
			buildConfigurationList = 8F1BA3E41DA3013B00040DE7 /* Build configuration list for PBXNativeTarget "iGerritTests" */;
			buildPhases = (
				7B858AEF01689A36AD221E50 /* [CP] Check Pods Manifest.lock */,
				8F1BA3C91DA3013B00040DE7 /* Sources */,
				8F1BA3CA1DA3013B00040DE7 /* Frameworks */,
				8F1BA3CB1DA3013B00040DE7 /* Resources */,
				28470DF481EAB67452AEC5F3 /* [CP] Embed Pods Frameworks */,
				191F4748760DAECD4DB92873 /* [CP] Copy Pods Resources */,
			);
			buildRules = (
			);
			dependencies = (
				8F1BA3CF1DA3013B00040DE7 /* PBXTargetDependency */,
			);
			name = iGerritTests;
			productName = iGerritTests;
			productReference = 8F1BA3CD1DA3013B00040DE7 /* iGerritTests.xctest */;
			productType = "com.apple.product-type.bundle.unit-test";
		};
		8F1BA3D71DA3013B00040DE7 /* iGerritUITests */ = {
			isa = PBXNativeTarget;
			buildConfigurationList = 8F1BA3E71DA3013B00040DE7 /* Build configuration list for PBXNativeTarget "iGerritUITests" */;
			buildPhases = (
				8BA7E3FB1970E51F3F3F12B8 /* [CP] Check Pods Manifest.lock */,
				8F1BA3D41DA3013B00040DE7 /* Sources */,
				8F1BA3D51DA3013B00040DE7 /* Frameworks */,
				8F1BA3D61DA3013B00040DE7 /* Resources */,
				7A21C02DD4505570606147D2 /* [CP] Copy Pods Resources */,
				B9B1E9F5A1E6E5CF9E085538 /* [CP] Embed Pods Frameworks */,
			);
			buildRules = (
			);
			dependencies = (
				8F1BA3DA1DA3013B00040DE7 /* PBXTargetDependency */,
			);
			name = iGerritUITests;
			productName = iGerritUITests;
			productReference = 8F1BA3D81DA3013B00040DE7 /* iGerritUITests.xctest */;
			productType = "com.apple.product-type.bundle.ui-testing";
		};
/* End PBXNativeTarget section */

/* Begin PBXProject section */
		8F1BA3B11DA3013B00040DE7 /* Project object */ = {
			isa = PBXProject;
			attributes = {
				LastSwiftUpdateCheck = 0800;
				LastUpgradeCheck = 0810;
				ORGANIZATIONNAME = hdoan;
				TargetAttributes = {
					8F1BA3B81DA3013B00040DE7 = {
						CreatedOnToolsVersion = 8.0;
						LastSwiftMigration = 0800;
						ProvisioningStyle = Automatic;
					};
					8F1BA3CC1DA3013B00040DE7 = {
						CreatedOnToolsVersion = 8.0;
						ProvisioningStyle = Automatic;
						TestTargetID = 8F1BA3B81DA3013B00040DE7;
					};
					8F1BA3D71DA3013B00040DE7 = {
						CreatedOnToolsVersion = 8.0;
						ProvisioningStyle = Automatic;
						TestTargetID = 8F1BA3B81DA3013B00040DE7;
					};
				};
			};
			buildConfigurationList = 8F1BA3B41DA3013B00040DE7 /* Build configuration list for PBXProject "iGerrit" */;
			compatibilityVersion = "Xcode 3.2";
			developmentRegion = English;
			hasScannedForEncodings = 0;
			knownRegions = (
				en,
				Base,
			);
			mainGroup = 8F1BA3B01DA3013B00040DE7;
			productRefGroup = 8F1BA3BA1DA3013B00040DE7 /* Products */;
			projectDirPath = "";
			projectRoot = "";
			targets = (
				8F1BA3B81DA3013B00040DE7 /* iGerrit */,
				8F1BA3CC1DA3013B00040DE7 /* iGerritTests */,
				8F1BA3D71DA3013B00040DE7 /* iGerritUITests */,
			);
		};
/* End PBXProject section */

/* Begin PBXResourcesBuildPhase section */
		8F1BA3B71DA3013B00040DE7 /* Resources */ = {
			isa = PBXResourcesBuildPhase;
			buildActionMask = 2147483647;
			files = (
				8F1BA3C71DA3013B00040DE7 /* LaunchScreen.storyboard in Resources */,
				8F1BA3C41DA3013B00040DE7 /* Assets.xcassets in Resources */,
				8F1BA3C21DA3013B00040DE7 /* Main.storyboard in Resources */,
			);
			runOnlyForDeploymentPostprocessing = 0;
		};
		8F1BA3CB1DA3013B00040DE7 /* Resources */ = {
			isa = PBXResourcesBuildPhase;
			buildActionMask = 2147483647;
			files = (
			);
			runOnlyForDeploymentPostprocessing = 0;
		};
		8F1BA3D61DA3013B00040DE7 /* Resources */ = {
			isa = PBXResourcesBuildPhase;
			buildActionMask = 2147483647;
			files = (
			);
			runOnlyForDeploymentPostprocessing = 0;
		};
/* End PBXResourcesBuildPhase section */

/* Begin PBXShellScriptBuildPhase section */
		191F4748760DAECD4DB92873 /* [CP] Copy Pods Resources */ = {
			isa = PBXShellScriptBuildPhase;
			buildActionMask = 2147483647;
			files = (
			);
			inputPaths = (
			);
			name = "[CP] Copy Pods Resources";
			outputPaths = (
			);
			runOnlyForDeploymentPostprocessing = 0;
			shellPath = /bin/sh;
			shellScript = "\"${SRCROOT}/Pods/Target Support Files/Pods-iGerritTests/Pods-iGerritTests-resources.sh\"\n";
			showEnvVarsInLog = 0;
		};
		1F70D28EFBBA61CEBEE16D42 /* [CP] Embed Pods Frameworks */ = {
			isa = PBXShellScriptBuildPhase;
			buildActionMask = 2147483647;
			files = (
			);
			inputPaths = (
			);
			name = "[CP] Embed Pods Frameworks";
			outputPaths = (
			);
			runOnlyForDeploymentPostprocessing = 0;
			shellPath = /bin/sh;
			shellScript = "\"${SRCROOT}/Pods/Target Support Files/Pods-iGerrit/Pods-iGerrit-frameworks.sh\"\n";
			showEnvVarsInLog = 0;
		};
		28470DF481EAB67452AEC5F3 /* [CP] Embed Pods Frameworks */ = {
			isa = PBXShellScriptBuildPhase;
			buildActionMask = 2147483647;
			files = (
			);
			inputPaths = (
			);
			name = "[CP] Embed Pods Frameworks";
			outputPaths = (
			);
			runOnlyForDeploymentPostprocessing = 0;
			shellPath = /bin/sh;
			shellScript = "\"${SRCROOT}/Pods/Target Support Files/Pods-iGerritTests/Pods-iGerritTests-frameworks.sh\"\n";
			showEnvVarsInLog = 0;
		};
		7A21C02DD4505570606147D2 /* [CP] Copy Pods Resources */ = {
			isa = PBXShellScriptBuildPhase;
			buildActionMask = 2147483647;
			files = (
			);
			inputPaths = (
			);
			name = "[CP] Copy Pods Resources";
			outputPaths = (
			);
			runOnlyForDeploymentPostprocessing = 0;
			shellPath = /bin/sh;
			shellScript = "\"${SRCROOT}/Pods/Target Support Files/Pods-iGerritUITests/Pods-iGerritUITests-resources.sh\"\n";
			showEnvVarsInLog = 0;
		};
		7B858AEF01689A36AD221E50 /* [CP] Check Pods Manifest.lock */ = {
			isa = PBXShellScriptBuildPhase;
			buildActionMask = 2147483647;
			files = (
			);
			inputPaths = (
			);
			name = "[CP] Check Pods Manifest.lock";
			outputPaths = (
			);
			runOnlyForDeploymentPostprocessing = 0;
			shellPath = /bin/sh;
			shellScript = "diff \"${PODS_ROOT}/../Podfile.lock\" \"${PODS_ROOT}/Manifest.lock\" > /dev/null\nif [ $? != 0 ] ; then\n    # print error to STDERR\n    echo \"error: The sandbox is not in sync with the Podfile.lock. Run 'pod install' or update your CocoaPods installation.\" >&2\n    exit 1\nfi\n";
			showEnvVarsInLog = 0;
		};
		8BA7E3FB1970E51F3F3F12B8 /* [CP] Check Pods Manifest.lock */ = {
			isa = PBXShellScriptBuildPhase;
			buildActionMask = 2147483647;
			files = (
			);
			inputPaths = (
			);
			name = "[CP] Check Pods Manifest.lock";
			outputPaths = (
			);
			runOnlyForDeploymentPostprocessing = 0;
			shellPath = /bin/sh;
			shellScript = "diff \"${PODS_ROOT}/../Podfile.lock\" \"${PODS_ROOT}/Manifest.lock\" > /dev/null\nif [ $? != 0 ] ; then\n    # print error to STDERR\n    echo \"error: The sandbox is not in sync with the Podfile.lock. Run 'pod install' or update your CocoaPods installation.\" >&2\n    exit 1\nfi\n";
			showEnvVarsInLog = 0;
		};
		907783CAD7ECBA9738947FB9 /* [CP] Check Pods Manifest.lock */ = {
			isa = PBXShellScriptBuildPhase;
			buildActionMask = 2147483647;
			files = (
			);
			inputPaths = (
			);
			name = "[CP] Check Pods Manifest.lock";
			outputPaths = (
			);
			runOnlyForDeploymentPostprocessing = 0;
			shellPath = /bin/sh;
			shellScript = "diff \"${PODS_ROOT}/../Podfile.lock\" \"${PODS_ROOT}/Manifest.lock\" > /dev/null\nif [ $? != 0 ] ; then\n    # print error to STDERR\n    echo \"error: The sandbox is not in sync with the Podfile.lock. Run 'pod install' or update your CocoaPods installation.\" >&2\n    exit 1\nfi\n";
			showEnvVarsInLog = 0;
		};
		B9B1E9F5A1E6E5CF9E085538 /* [CP] Embed Pods Frameworks */ = {
			isa = PBXShellScriptBuildPhase;
			buildActionMask = 2147483647;
			files = (
			);
			inputPaths = (
			);
			name = "[CP] Embed Pods Frameworks";
			outputPaths = (
			);
			runOnlyForDeploymentPostprocessing = 0;
			shellPath = /bin/sh;
			shellScript = "\"${SRCROOT}/Pods/Target Support Files/Pods-iGerritUITests/Pods-iGerritUITests-frameworks.sh\"\n";
			showEnvVarsInLog = 0;
		};
		CBD565123D18BDC91C7D0E31 /* [CP] Copy Pods Resources */ = {
			isa = PBXShellScriptBuildPhase;
			buildActionMask = 2147483647;
			files = (
			);
			inputPaths = (
			);
			name = "[CP] Copy Pods Resources";
			outputPaths = (
			);
			runOnlyForDeploymentPostprocessing = 0;
			shellPath = /bin/sh;
			shellScript = "\"${SRCROOT}/Pods/Target Support Files/Pods-iGerrit/Pods-iGerrit-resources.sh\"\n";
			showEnvVarsInLog = 0;
		};
/* End PBXShellScriptBuildPhase section */

/* Begin PBXSourcesBuildPhase section */
		8F1BA3B51DA3013B00040DE7 /* Sources */ = {
			isa = PBXSourcesBuildPhase;
			buildActionMask = 2147483647;
			files = (
				8F537FA01DC3ED6E001A719A /* routing.swift in Sources */,
				8F32DB581DB364C60064BA72 /* cvc.swift in Sources */,
				8F1BA3BD1DA3013B00040DE7 /* AppDelegate.swift in Sources */,
				8F32DB561DB2DC650064BA72 /* tbvc.swift in Sources */,
			);
			runOnlyForDeploymentPostprocessing = 0;
		};
		8F1BA3C91DA3013B00040DE7 /* Sources */ = {
			isa = PBXSourcesBuildPhase;
			buildActionMask = 2147483647;
			files = (
				8F1BA3D21DA3013B00040DE7 /* iGerritTests.swift in Sources */,
			);
			runOnlyForDeploymentPostprocessing = 0;
		};
		8F1BA3D41DA3013B00040DE7 /* Sources */ = {
			isa = PBXSourcesBuildPhase;
			buildActionMask = 2147483647;
			files = (
				8F1BA3DD1DA3013B00040DE7 /* iGerritUITests.swift in Sources */,
			);
			runOnlyForDeploymentPostprocessing = 0;
		};
/* End PBXSourcesBuildPhase section */

/* Begin PBXTargetDependency section */
		8F1BA3CF1DA3013B00040DE7 /* PBXTargetDependency */ = {
			isa = PBXTargetDependency;
			target = 8F1BA3B81DA3013B00040DE7 /* iGerrit */;
			targetProxy = 8F1BA3CE1DA3013B00040DE7 /* PBXContainerItemProxy */;
		};
		8F1BA3DA1DA3013B00040DE7 /* PBXTargetDependency */ = {
			isa = PBXTargetDependency;
			target = 8F1BA3B81DA3013B00040DE7 /* iGerrit */;
			targetProxy = 8F1BA3D91DA3013B00040DE7 /* PBXContainerItemProxy */;
		};
/* End PBXTargetDependency section */

/* Begin PBXVariantGroup section */
		8F1BA3C01DA3013B00040DE7 /* Main.storyboard */ = {
			isa = PBXVariantGroup;
			children = (
				8F1BA3C11DA3013B00040DE7 /* Base */,
			);
			name = Main.storyboard;
			sourceTree = "<group>";
		};
		8F1BA3C51DA3013B00040DE7 /* LaunchScreen.storyboard */ = {
			isa = PBXVariantGroup;
			children = (
				8F1BA3C61DA3013B00040DE7 /* Base */,
			);
			name = LaunchScreen.storyboard;
			sourceTree = "<group>";
		};
/* End PBXVariantGroup section */

/* Begin XCBuildConfiguration section */
		8F1BA3DF1DA3013B00040DE7 /* Debug */ = {
			isa = XCBuildConfiguration;
			buildSettings = {
				ALWAYS_SEARCH_USER_PATHS = NO;
				CLANG_ANALYZER_NONNULL = YES;
				CLANG_CXX_LANGUAGE_STANDARD = "gnu++0x";
				CLANG_CXX_LIBRARY = "libc++";
				CLANG_ENABLE_MODULES = YES;
				CLANG_ENABLE_OBJC_ARC = YES;
				CLANG_WARN_BOOL_CONVERSION = YES;
				CLANG_WARN_CONSTANT_CONVERSION = YES;
				CLANG_WARN_DIRECT_OBJC_ISA_USAGE = YES_ERROR;
				CLANG_WARN_DOCUMENTATION_COMMENTS = YES;
				CLANG_WARN_EMPTY_BODY = YES;
				CLANG_WARN_ENUM_CONVERSION = YES;
				CLANG_WARN_INFINITE_RECURSION = YES;
				CLANG_WARN_INT_CONVERSION = YES;
				CLANG_WARN_OBJC_ROOT_CLASS = YES_ERROR;
				CLANG_WARN_SUSPICIOUS_MOVE = YES;
				CLANG_WARN_SUSPICIOUS_MOVES = YES;
				CLANG_WARN_UNREACHABLE_CODE = YES;
				CLANG_WARN__DUPLICATE_METHOD_MATCH = YES;
				"CODE_SIGN_IDENTITY[sdk=iphoneos*]" = "iPhone Developer";
				COPY_PHASE_STRIP = NO;
				DEBUG_INFORMATION_FORMAT = dwarf;
				ENABLE_STRICT_OBJC_MSGSEND = YES;
				ENABLE_TESTABILITY = YES;
				GCC_C_LANGUAGE_STANDARD = gnu99;
				GCC_DYNAMIC_NO_PIC = NO;
				GCC_NO_COMMON_BLOCKS = YES;
				GCC_OPTIMIZATION_LEVEL = 0;
				GCC_PREPROCESSOR_DEFINITIONS = (
					"DEBUG=1",
					"$(inherited)",
				);
				GCC_WARN_64_TO_32_BIT_CONVERSION = YES;
				GCC_WARN_ABOUT_RETURN_TYPE = YES_ERROR;
				GCC_WARN_UNDECLARED_SELECTOR = YES;
				GCC_WARN_UNINITIALIZED_AUTOS = YES_AGGRESSIVE;
				GCC_WARN_UNUSED_FUNCTION = YES;
				GCC_WARN_UNUSED_VARIABLE = YES;
				IPHONEOS_DEPLOYMENT_TARGET = 10.0;
				MTL_ENABLE_DEBUG_INFO = YES;
				ONLY_ACTIVE_ARCH = YES;
				SDKROOT = iphoneos;
				SWIFT_ACTIVE_COMPILATION_CONDITIONS = DEBUG;
				SWIFT_OPTIMIZATION_LEVEL = "-Onone";
				TARGETED_DEVICE_FAMILY = "1,2";
			};
			name = Debug;
		};
		8F1BA3E01DA3013B00040DE7 /* Release */ = {
			isa = XCBuildConfiguration;
			buildSettings = {
				ALWAYS_SEARCH_USER_PATHS = NO;
				CLANG_ANALYZER_NONNULL = YES;
				CLANG_CXX_LANGUAGE_STANDARD = "gnu++0x";
				CLANG_CXX_LIBRARY = "libc++";
				CLANG_ENABLE_MODULES = YES;
				CLANG_ENABLE_OBJC_ARC = YES;
				CLANG_WARN_BOOL_CONVERSION = YES;
				CLANG_WARN_CONSTANT_CONVERSION = YES;
				CLANG_WARN_DIRECT_OBJC_ISA_USAGE = YES_ERROR;
				CLANG_WARN_DOCUMENTATION_COMMENTS = YES;
				CLANG_WARN_EMPTY_BODY = YES;
				CLANG_WARN_ENUM_CONVERSION = YES;
				CLANG_WARN_INFINITE_RECURSION = YES;
				CLANG_WARN_INT_CONVERSION = YES;
				CLANG_WARN_OBJC_ROOT_CLASS = YES_ERROR;
				CLANG_WARN_SUSPICIOUS_MOVE = YES;
				CLANG_WARN_SUSPICIOUS_MOVES = YES;
				CLANG_WARN_UNREACHABLE_CODE = YES;
				CLANG_WARN__DUPLICATE_METHOD_MATCH = YES;
				"CODE_SIGN_IDENTITY[sdk=iphoneos*]" = "iPhone Developer";
				COPY_PHASE_STRIP = NO;
				DEBUG_INFORMATION_FORMAT = "dwarf-with-dsym";
				ENABLE_NS_ASSERTIONS = NO;
				ENABLE_STRICT_OBJC_MSGSEND = YES;
				GCC_C_LANGUAGE_STANDARD = gnu99;
				GCC_NO_COMMON_BLOCKS = YES;
				GCC_WARN_64_TO_32_BIT_CONVERSION = YES;
				GCC_WARN_ABOUT_RETURN_TYPE = YES_ERROR;
				GCC_WARN_UNDECLARED_SELECTOR = YES;
				GCC_WARN_UNINITIALIZED_AUTOS = YES_AGGRESSIVE;
				GCC_WARN_UNUSED_FUNCTION = YES;
				GCC_WARN_UNUSED_VARIABLE = YES;
				IPHONEOS_DEPLOYMENT_TARGET = 10.0;
				MTL_ENABLE_DEBUG_INFO = NO;
				SDKROOT = iphoneos;
				SWIFT_OPTIMIZATION_LEVEL = "-Owholemodule";
				TARGETED_DEVICE_FAMILY = "1,2";
				VALIDATE_PRODUCT = YES;
			};
			name = Release;
		};
		8F1BA3E21DA3013B00040DE7 /* Debug */ = {
			isa = XCBuildConfiguration;
			baseConfigurationReference = 88214F38E57C9627178EE23E /* Pods-iGerrit.debug.xcconfig */;
			buildSettings = {
				ALWAYS_EMBED_SWIFT_STANDARD_LIBRARIES = YES;
				ASSETCATALOG_COMPILER_APPICON_NAME = AppIcon;
				INFOPLIST_FILE = iGerrit/Info.plist;
				LD_RUNPATH_SEARCH_PATHS = "$(inherited) @executable_path/Frameworks";
				PRODUCT_BUNDLE_IDENTIFIER = com.hdoan.iGerrit;
				PRODUCT_NAME = "$(TARGET_NAME)";
				SWIFT_VERSION = 3.0;
			};
			name = Debug;
		};
		8F1BA3E31DA3013B00040DE7 /* Release */ = {
			isa = XCBuildConfiguration;
			baseConfigurationReference = CA39F59D977F18F596A6B998 /* Pods-iGerrit.release.xcconfig */;
			buildSettings = {
				ALWAYS_EMBED_SWIFT_STANDARD_LIBRARIES = YES;
				ASSETCATALOG_COMPILER_APPICON_NAME = AppIcon;
				INFOPLIST_FILE = iGerrit/Info.plist;
				LD_RUNPATH_SEARCH_PATHS = "$(inherited) @executable_path/Frameworks";
				PRODUCT_BUNDLE_IDENTIFIER = com.hdoan.iGerrit;
				PRODUCT_NAME = "$(TARGET_NAME)";
				SWIFT_VERSION = 3.0;
			};
			name = Release;
		};
		8F1BA3E51DA3013B00040DE7 /* Debug */ = {
			isa = XCBuildConfiguration;
			baseConfigurationReference = 78E7B4D11EA01EE6DFF88022 /* Pods-iGerritTests.debug.xcconfig */;
			buildSettings = {
				ALWAYS_EMBED_SWIFT_STANDARD_LIBRARIES = YES;
				BUNDLE_LOADER = "$(TEST_HOST)";
				INFOPLIST_FILE = iGerritTests/Info.plist;
				LD_RUNPATH_SEARCH_PATHS = "$(inherited) @executable_path/Frameworks @loader_path/Frameworks";
				PRODUCT_BUNDLE_IDENTIFIER = com.hdoan.iGerritTests;
				PRODUCT_NAME = "$(TARGET_NAME)";
				SWIFT_VERSION = 3.0;
				TEST_HOST = "$(BUILT_PRODUCTS_DIR)/iGerrit.app/iGerrit";
			};
			name = Debug;
		};
		8F1BA3E61DA3013B00040DE7 /* Release */ = {
			isa = XCBuildConfiguration;
			baseConfigurationReference = 02B3B6160ED023ED934A22CF /* Pods-iGerritTests.release.xcconfig */;
			buildSettings = {
				ALWAYS_EMBED_SWIFT_STANDARD_LIBRARIES = YES;
				BUNDLE_LOADER = "$(TEST_HOST)";
				INFOPLIST_FILE = iGerritTests/Info.plist;
				LD_RUNPATH_SEARCH_PATHS = "$(inherited) @executable_path/Frameworks @loader_path/Frameworks";
				PRODUCT_BUNDLE_IDENTIFIER = com.hdoan.iGerritTests;
				PRODUCT_NAME = "$(TARGET_NAME)";
				SWIFT_VERSION = 3.0;
				TEST_HOST = "$(BUILT_PRODUCTS_DIR)/iGerrit.app/iGerrit";
			};
			name = Release;
		};
		8F1BA3E81DA3013B00040DE7 /* Debug */ = {
			isa = XCBuildConfiguration;
			baseConfigurationReference = 9D26E76385E9F5BE6B643A8A /* Pods-iGerritUITests.debug.xcconfig */;
			buildSettings = {
				ALWAYS_EMBED_SWIFT_STANDARD_LIBRARIES = YES;
				INFOPLIST_FILE = iGerritUITests/Info.plist;
				LD_RUNPATH_SEARCH_PATHS = "$(inherited) @executable_path/Frameworks @loader_path/Frameworks";
				PRODUCT_BUNDLE_IDENTIFIER = com.hdoan.iGerritUITests;
				PRODUCT_NAME = "$(TARGET_NAME)";
				SWIFT_VERSION = 3.0;
				TEST_TARGET_NAME = iGerrit;
			};
			name = Debug;
		};
		8F1BA3E91DA3013B00040DE7 /* Release */ = {
			isa = XCBuildConfiguration;
			baseConfigurationReference = 7A49AB9DB81FB4F292D6D3F7 /* Pods-iGerritUITests.release.xcconfig */;
			buildSettings = {
				ALWAYS_EMBED_SWIFT_STANDARD_LIBRARIES = YES;
				INFOPLIST_FILE = iGerritUITests/Info.plist;
				LD_RUNPATH_SEARCH_PATHS = "$(inherited) @executable_path/Frameworks @loader_path/Frameworks";
				PRODUCT_BUNDLE_IDENTIFIER = com.hdoan.iGerritUITests;
				PRODUCT_NAME = "$(TARGET_NAME)";
				SWIFT_VERSION = 3.0;
				TEST_TARGET_NAME = iGerrit;
			};
			name = Release;
		};
/* End XCBuildConfiguration section */

/* Begin XCConfigurationList section */
		8F1BA3B41DA3013B00040DE7 /* Build configuration list for PBXProject "iGerrit" */ = {
			isa = XCConfigurationList;
			buildConfigurations = (
				8F1BA3DF1DA3013B00040DE7 /* Debug */,
				8F1BA3E01DA3013B00040DE7 /* Release */,
			);
			defaultConfigurationIsVisible = 0;
			defaultConfigurationName = Release;
		};
		8F1BA3E11DA3013B00040DE7 /* Build configuration list for PBXNativeTarget "iGerrit" */ = {
			isa = XCConfigurationList;
			buildConfigurations = (
				8F1BA3E21DA3013B00040DE7 /* Debug */,
				8F1BA3E31DA3013B00040DE7 /* Release */,
			);
			defaultConfigurationIsVisible = 0;
			defaultConfigurationName = Release;
		};
		8F1BA3E41DA3013B00040DE7 /* Build configuration list for PBXNativeTarget "iGerritTests" */ = {
			isa = XCConfigurationList;
			buildConfigurations = (
				8F1BA3E51DA3013B00040DE7 /* Debug */,
				8F1BA3E61DA3013B00040DE7 /* Release */,
			);
			defaultConfigurationIsVisible = 0;
			defaultConfigurationName = Release;
		};
		8F1BA3E71DA3013B00040DE7 /* Build configuration list for PBXNativeTarget "iGerritUITests" */ = {
			isa = XCConfigurationList;
			buildConfigurations = (
				8F1BA3E81DA3013B00040DE7 /* Debug */,
				8F1BA3E91DA3013B00040DE7 /* Release */,
			);
			defaultConfigurationIsVisible = 0;
			defaultConfigurationName = Release;
		};
/* End XCConfigurationList section */
	};
	rootObject = 8F1BA3B11DA3013B00040DE7 /* Project object */;
}
